schema: '2.0'
stages:
  train:
    cmd: python ml_pipeline/train/train.py
    deps:
    - path: data/smartdoc_ds_split.pkl
      hash: md5
      md5: e1bf64ca043aa57820f7113fd8ace7bd
      size: 1227158
    - path: ml_pipeline/train/train.py
      hash: md5
      md5: 7a7ca0ac120eace1562ede10e9ecdf77
      size: 1340
    params:
      params.yaml:
        MODEL_PARAMS:
          kernel: rbf
          gamma: 0.1
          degree: 2
    outs:
    - path: models/svr
      hash: md5
      md5: feec318078dfa9406689e8a087c19d87
      size: 342141
      cloud:
        diqa-storage:
          checksum: feec318078dfa9406689e8a087c19d87
