schema: '2.0'
stages:
  train:
    cmd: python ml_pipeline/train/train.py
    deps:
    - path: data/smartdoc_ds_split.pkl
      hash: md5
      md5: 0a0b7d356a8bcc5b56b6c19a9078bbbe
      size: 1193078
    - path: ml_pipeline/train/train.py
      hash: md5
      md5: 39b2d761381012767895d3c8f960f845
      size: 1310
    params:
      params.yaml:
        MODEL_PARAMS:
          kernel: rbf
          gamma: 0.2
          degree: 3
    outs:
    - path: models/svr
      hash: md5
      md5: f9afa5d0609c08b51539e27a26a13265
      size: 329973
  preprocess:
    cmd: python ml_pipeline/data/preprocess.py
    deps:
    - path: data/smartdoc_ds.csv
      hash: md5
      md5: 25ed31ebaff86da8f37afd2a60153c4e
      size: 2544093
    - path: ml_pipeline/data/preprocess.py
      hash: md5
      md5: 93c5dd8a788e7236c9638aa6ed5c93e8
      size: 1120
    outs:
    - path: data/smartdoc_ds_split.pkl
      hash: md5
      md5: 0a0b7d356a8bcc5b56b6c19a9078bbbe
      size: 1193078
  evaluate:
    cmd: python ml_pipeline/evaluate/evaluate.py
    deps:
    - path: data/smartdoc_ds_split.pkl
      hash: md5
      md5: 0a0b7d356a8bcc5b56b6c19a9078bbbe
      size: 1193078
    - path: ml_pipeline/evaluate/evaluate.py
      hash: md5
      md5: 68aa0940efc1d00c05d0f2a302c58fb9
      size: 1758
    - path: models/svr
      hash: md5
      md5: f9afa5d0609c08b51539e27a26a13265
      size: 329973
    outs:
    - path: results/svr.csv
      hash: md5
      md5: 5609ad7ce79daa152185351f5045cead
      size: 128
