
Microsoft Visual Studio Solution File, Format Version 12.00
# Visual Studio Version 17
VisualStudioVersion = 17.7.34031.279
MinimumVisualStudioVersion = 10.0.40219.1
Project("{888888A0-9F3D-457C-B088-3A5042F75D52}") = "OCR", "OCR.pyproj", "{14CA6EA5-F3A7-4144-8673-DF9B0DB6062A}"
EndProject
Global
	GlobalSection(SolutionConfigurationPlatforms) = preSolution
		Debug|Any CPU = Debug|Any CPU
		Release|Any CPU = Release|Any CPU
	EndGlobalSection
	GlobalSection(ProjectConfigurationPlatforms) = postSolution
		{14CA6EA5-F3A7-4144-8673-DF9B0DB6062A}.Debug|Any CPU.ActiveCfg = Debug|Any CPU
		{14CA6EA5-F3A7-4144-8673-DF9B0DB6062A}.Release|Any CPU.ActiveCfg = Release|Any CPU
	EndGlobalSection
	GlobalSection(SolutionProperties) = preSolution
		HideSolutionNode = FALSE
	EndGlobalSection
	GlobalSection(ExtensibilityGlobals) = postSolution
		SolutionGuid = {5E183315-0764-41A2-BF2B-BE07FB9D37E9}
	EndGlobalSection
EndGlobal
